
Microsoft Visual Studio Solution File, Format Version 12.00
# Visual Studio Version 16
VisualStudioVersion = 16.0.29123.88
MinimumVisualStudioVersion = 10.0.40219.1
Project("{FAE04EC0-301F-11D3-BF4B-00C04F79EFBC}") = "Calculator", "Calculator\Calculator.csproj", "{275058F3-FFF1-47C6-A0CB-51D050932200}"
EndProject
Global
	GlobalSection(SolutionConfigurationPlatforms) = preSolution
		Debug|Any CPU = Debug|Any CPU
		Release|Any CPU = Release|Any CPU
	EndGlobalSection
	GlobalSection(ProjectConfigurationPlatforms) = postSolution
		{275058F3-FFF1-47C6-A0CB-51D050932200}.Debug|Any CPU.ActiveCfg = Debug|Any CPU
		{275058F3-FFF1-47C6-A0CB-51D050932200}.Debug|Any CPU.Build.0 = Debug|Any CPU
		{275058F3-FFF1-47C6-A0CB-51D050932200}.Release|Any CPU.ActiveCfg = Release|Any CPU
		{275058F3-FFF1-47C6-A0CB-51D050932200}.Release|Any CPU.Build.0 = Release|Any CPU
	EndGlobalSection
	GlobalSection(SolutionProperties) = preSolution
		HideSolutionNode = FALSE
	EndGlobalSection
	GlobalSection(ExtensibilityGlobals) = postSolution
		SolutionGuid = {BF7981CA-7965-47FC-A944-4A4AD18FEAA1}
	EndGlobalSection
EndGlobal
