
Microsoft Visual Studio Solution File, Format Version 12.00
# Visual Studio Version 16
VisualStudioVersion = 16.0.29123.88
MinimumVisualStudioVersion = 10.0.40219.1
Project("{FAE04EC0-301F-11D3-BF4B-00C04F79EFBC}") = "Dice_Game", "Dice_Game\Dice_Game.csproj", "{D2EC1ABF-EF6D-4006-9C2D-41F0AB32FEC6}"
EndProject
Global
	GlobalSection(SolutionConfigurationPlatforms) = preSolution
		Debug|Any CPU = Debug|Any CPU
		Release|Any CPU = Release|Any CPU
	EndGlobalSection
	GlobalSection(ProjectConfigurationPlatforms) = postSolution
		{D2EC1ABF-EF6D-4006-9C2D-41F0AB32FEC6}.Debug|Any CPU.ActiveCfg = Debug|Any CPU
		{D2EC1ABF-EF6D-4006-9C2D-41F0AB32FEC6}.Debug|Any CPU.Build.0 = Debug|Any CPU
		{D2EC1ABF-EF6D-4006-9C2D-41F0AB32FEC6}.Release|Any CPU.ActiveCfg = Release|Any CPU
		{D2EC1ABF-EF6D-4006-9C2D-41F0AB32FEC6}.Release|Any CPU.Build.0 = Release|Any CPU
	EndGlobalSection
	GlobalSection(SolutionProperties) = preSolution
		HideSolutionNode = FALSE
	EndGlobalSection
	GlobalSection(ExtensibilityGlobals) = postSolution
		SolutionGuid = {109F6CC6-0715-430B-A5B6-8B8E9624607E}
	EndGlobalSection
EndGlobal
