
Microsoft Visual Studio Solution File, Format Version 12.00
# Visual Studio Version 16
VisualStudioVersion = 16.0.29123.88
MinimumVisualStudioVersion = 10.0.40219.1
Project("{FAE04EC0-301F-11D3-BF4B-00C04F79EFBC}") = "Opgave 1 - BrugerInfo", "Opgave 1 - BrugerInfo\Opgave 1 - BrugerInfo.csproj", "{32E5AA85-127C-4534-AC74-430BC055B6BC}"
EndProject
Global
	GlobalSection(SolutionConfigurationPlatforms) = preSolution
		Debug|Any CPU = Debug|Any CPU
		Release|Any CPU = Release|Any CPU
	EndGlobalSection
	GlobalSection(ProjectConfigurationPlatforms) = postSolution
		{32E5AA85-127C-4534-AC74-430BC055B6BC}.Debug|Any CPU.ActiveCfg = Debug|Any CPU
		{32E5AA85-127C-4534-AC74-430BC055B6BC}.Debug|Any CPU.Build.0 = Debug|Any CPU
		{32E5AA85-127C-4534-AC74-430BC055B6BC}.Release|Any CPU.ActiveCfg = Release|Any CPU
		{32E5AA85-127C-4534-AC74-430BC055B6BC}.Release|Any CPU.Build.0 = Release|Any CPU
	EndGlobalSection
	GlobalSection(SolutionProperties) = preSolution
		HideSolutionNode = FALSE
	EndGlobalSection
	GlobalSection(ExtensibilityGlobals) = postSolution
		SolutionGuid = {35F13568-4491-4EA1-9D76-ACF05E17EC55}
	EndGlobalSection
EndGlobal
