
Microsoft Visual Studio Solution File, Format Version 12.00
# Visual Studio Version 16
VisualStudioVersion = 16.0.29123.88
MinimumVisualStudioVersion = 10.0.40219.1
Project("{FAE04EC0-301F-11D3-BF4B-00C04F79EFBC}") = "Pairing", "Pairing\Pairing.csproj", "{F52562D6-0DC8-4484-A1B3-7341EF0E7594}"
EndProject
Global
	GlobalSection(SolutionConfigurationPlatforms) = preSolution
		Debug|Any CPU = Debug|Any CPU
		Release|Any CPU = Release|Any CPU
	EndGlobalSection
	GlobalSection(ProjectConfigurationPlatforms) = postSolution
		{F52562D6-0DC8-4484-A1B3-7341EF0E7594}.Debug|Any CPU.ActiveCfg = Debug|Any CPU
		{F52562D6-0DC8-4484-A1B3-7341EF0E7594}.Debug|Any CPU.Build.0 = Debug|Any CPU
		{F52562D6-0DC8-4484-A1B3-7341EF0E7594}.Release|Any CPU.ActiveCfg = Release|Any CPU
		{F52562D6-0DC8-4484-A1B3-7341EF0E7594}.Release|Any CPU.Build.0 = Release|Any CPU
	EndGlobalSection
	GlobalSection(SolutionProperties) = preSolution
		HideSolutionNode = FALSE
	EndGlobalSection
	GlobalSection(ExtensibilityGlobals) = postSolution
		SolutionGuid = {15A08E84-5E75-4DDB-A240-855E66E4E5A0}
	EndGlobalSection
EndGlobal
